
Microsoft Visual Studio Solution File, Format Version 12.00
# Visual Studio Version 17
VisualStudioVersion = 17.11.35312.102
MinimumVisualStudioVersion = 10.0.40219.1
Project("{FAE04EC0-301F-11D3-BF4B-00C04F79EFBC}") = "Webkho20241021", "Webkho20241021\Webkho20241021.csproj", "{A0945632-52C9-4174-9062-AD3747ECAE56}"
EndProject
Global
	GlobalSection(SolutionConfigurationPlatforms) = preSolution
		Debug|Any CPU = Debug|Any CPU
		Release|Any CPU = Release|Any CPU
	EndGlobalSection
	GlobalSection(ProjectConfigurationPlatforms) = postSolution
		{A0945632-52C9-4174-9062-AD3747ECAE56}.Debug|Any CPU.ActiveCfg = Debug|Any CPU
		{A0945632-52C9-4174-9062-AD3747ECAE56}.Debug|Any CPU.Build.0 = Debug|Any CPU
		{A0945632-52C9-4174-9062-AD3747ECAE56}.Release|Any CPU.ActiveCfg = Release|Any CPU
		{A0945632-52C9-4174-9062-AD3747ECAE56}.Release|Any CPU.Build.0 = Release|Any CPU
	EndGlobalSection
	GlobalSection(SolutionProperties) = preSolution
		HideSolutionNode = FALSE
	EndGlobalSection
	GlobalSection(ExtensibilityGlobals) = postSolution
		SolutionGuid = {4F74DDDF-2BCD-4104-9ED1-EB6F54682D13}
	EndGlobalSection
EndGlobal
